PODS:
  - Alamofire (4.7.3)
  - Cartography (3.1.0)

DEPENDENCIES:
  - Alamofire (~> 4.7)
  - Cartography

SPEC REPOS:
  https://github.com/cocoapods/specs.git:
    - Alamofire
    - Cartography

SPEC CHECKSUMS:
  Alamofire: c7287b6e5d7da964a70935e5db17046b7fde6568
  Cartography: 1988b7578871a56c036e7af17195cb2190edf18c

PODFILE CHECKSUM: 752247266094ef2ec8a5e2de8a09314489fd628c

COCOAPODS: 1.5.3
