// !$*UTF8*$!
{
	archiveVersion = 1;
	classes = {
	};
	objectVersion = 50;
	objects = {

/* Begin PBXBuildFile section */
		1B6291162201DAF900BEA104 /* FilterModel.swift in Sources */ = {isa = PBXBuildFile; fileRef = 1B6291152201DAF900BEA104 /* FilterModel.swift */; };
		1B62911B22082E7400BEA104 /* UITableView.swift in Sources */ = {isa = PBXBuildFile; fileRef = 1B62911A22082E7400BEA104 /* UITableView.swift */; };
		1BA3588021EE1E57003E501B /* AppDelegate.swift in Sources */ = {isa = PBXBuildFile; fileRef = 1BA3587F21EE1E57003E501B /* AppDelegate.swift */; };
		1BA3588721EE1E59003E501B /* Assets.xcassets in Resources */ = {isa = PBXBuildFile; fileRef = 1BA3588621EE1E59003E501B /* Assets.xcassets */; };
		1BA3588A21EE1E59003E501B /* LaunchScreen.storyboard in Resources */ = {isa = PBXBuildFile; fileRef = 1BA3588821EE1E59003E501B /* LaunchScreen.storyboard */; };
		1BA3589221EE2105003E501B /* MovieModel.swift in Sources */ = {isa = PBXBuildFile; fileRef = 1BA3589121EE2105003E501B /* MovieModel.swift */; };
		1BA358A421F1D7C0003E501B /* HomeViewController.swift in Sources */ = {isa = PBXBuildFile; fileRef = 1BA358A321F1D7C0003E501B /* HomeViewController.swift */; };
		1BA358A621F1D821003E501B /* HomeViewModel.swift in Sources */ = {isa = PBXBuildFile; fileRef = 1BA358A521F1D821003E501B /* HomeViewModel.swift */; };
		1BA358A821F1D856003E501B /* HomeView.swift in Sources */ = {isa = PBXBuildFile; fileRef = 1BA358A721F1D856003E501B /* HomeView.swift */; };
		1BA358AA21F1F564003E501B /* MovieTableViewCell.swift in Sources */ = {isa = PBXBuildFile; fileRef = 1BA358A921F1F564003E501B /* MovieTableViewCell.swift */; };
		1BA358B121F21072003E501B /* DetailView.swift in Sources */ = {isa = PBXBuildFile; fileRef = 1BA358B021F21072003E501B /* DetailView.swift */; };
		1BA358B421F248E6003E501B /* DetailViewModel.swift in Sources */ = {isa = PBXBuildFile; fileRef = 1BA358B321F248E6003E501B /* DetailViewModel.swift */; };
		1BA358B621F24924003E501B /* DetailViewController.swift in Sources */ = {isa = PBXBuildFile; fileRef = 1BA358B521F24924003E501B /* DetailViewController.swift */; };
		1BB5F6B021F9FC3A0075D567 /* FilterView.swift in Sources */ = {isa = PBXBuildFile; fileRef = 1BB5F6AF21F9FC3A0075D567 /* FilterView.swift */; };
		1BB5F6B221F9FC680075D567 /* FilterViewController.swift in Sources */ = {isa = PBXBuildFile; fileRef = 1BB5F6B121F9FC680075D567 /* FilterViewController.swift */; };
		1BB5F6B521FAFD020075D567 /* FilterViewModel.swift in Sources */ = {isa = PBXBuildFile; fileRef = 1BB5F6B421FAFD020075D567 /* FilterViewModel.swift */; };
		1BB5F6B721FAFE350075D567 /* FilterSwitchTableViewCell.swift in Sources */ = {isa = PBXBuildFile; fileRef = 1BB5F6B621FAFE350075D567 /* FilterSwitchTableViewCell.swift */; };
		1BB5F6B921FAFE4C0075D567 /* SortingOptionsTableViewCell.swift in Sources */ = {isa = PBXBuildFile; fileRef = 1BB5F6B821FAFE4C0075D567 /* SortingOptionsTableViewCell.swift */; };
		1BB5F6BD21FF2C660075D567 /* UIStackViewExtension.swift in Sources */ = {isa = PBXBuildFile; fileRef = 1BB5F6BC21FF2C660075D567 /* UIStackViewExtension.swift */; };
		1BB5F6C421FF45560075D567 /* UILabelExtension.swift in Sources */ = {isa = PBXBuildFile; fileRef = 1BB5F6C321FF45560075D567 /* UILabelExtension.swift */; };
		E7326AA1A5E20025BAE94B5B /* Pods_MovieS.framework in Frameworks */ = {isa = PBXBuildFile; fileRef = 62F2E44A8E3C27206F39924B /* Pods_MovieS.framework */; };
/* End PBXBuildFile section */

/* Begin PBXFileReference section */
		1B6291152201DAF900BEA104 /* FilterModel.swift */ = {isa = PBXFileReference; lastKnownFileType = sourcecode.swift; path = FilterModel.swift; sourceTree = "<group>"; };
		1B62911A22082E7400BEA104 /* UITableView.swift */ = {isa = PBXFileReference; lastKnownFileType = sourcecode.swift; path = UITableView.swift; sourceTree = "<group>"; };
		1BA3587C21EE1E57003E501B /* MovieS.app */ = {isa = PBXFileReference; explicitFileType = wrapper.application; includeInIndex = 0; path = MovieS.app; sourceTree = BUILT_PRODUCTS_DIR; };
		1BA3587F21EE1E57003E501B /* AppDelegate.swift */ = {isa = PBXFileReference; lastKnownFileType = sourcecode.swift; path = AppDelegate.swift; sourceTree = "<group>"; };
		1BA3588621EE1E59003E501B /* Assets.xcassets */ = {isa = PBXFileReference; lastKnownFileType = folder.assetcatalog; path = Assets.xcassets; sourceTree = "<group>"; };
		1BA3588921EE1E59003E501B /* Base */ = {isa = PBXFileReference; lastKnownFileType = file.storyboard; name = Base; path = Base.lproj/LaunchScreen.storyboard; sourceTree = "<group>"; };
		1BA3588B21EE1E59003E501B /* Info.plist */ = {isa = PBXFileReference; lastKnownFileType = text.plist.xml; path = Info.plist; sourceTree = "<group>"; };
		1BA3589121EE2105003E501B /* MovieModel.swift */ = {isa = PBXFileReference; lastKnownFileType = sourcecode.swift; path = MovieModel.swift; sourceTree = "<group>"; };
		1BA358A321F1D7C0003E501B /* HomeViewController.swift */ = {isa = PBXFileReference; lastKnownFileType = sourcecode.swift; path = HomeViewController.swift; sourceTree = "<group>"; };
		1BA358A521F1D821003E501B /* HomeViewModel.swift */ = {isa = PBXFileReference; lastKnownFileType = sourcecode.swift; path = HomeViewModel.swift; sourceTree = "<group>"; };
		1BA358A721F1D856003E501B /* HomeView.swift */ = {isa = PBXFileReference; lastKnownFileType = sourcecode.swift; path = HomeView.swift; sourceTree = "<group>"; };
		1BA358A921F1F564003E501B /* MovieTableViewCell.swift */ = {isa = PBXFileReference; lastKnownFileType = sourcecode.swift; path = MovieTableViewCell.swift; sourceTree = "<group>"; };
		1BA358B021F21072003E501B /* DetailView.swift */ = {isa = PBXFileReference; lastKnownFileType = sourcecode.swift; path = DetailView.swift; sourceTree = "<group>"; };
		1BA358B321F248E6003E501B /* DetailViewModel.swift */ = {isa = PBXFileReference; lastKnownFileType = sourcecode.swift; path = DetailViewModel.swift; sourceTree = "<group>"; };
		1BA358B521F24924003E501B /* DetailViewController.swift */ = {isa = PBXFileReference; lastKnownFileType = sourcecode.swift; path = DetailViewController.swift; sourceTree = "<group>"; };
		1BB5F6AF21F9FC3A0075D567 /* FilterView.swift */ = {isa = PBXFileReference; lastKnownFileType = sourcecode.swift; path = FilterView.swift; sourceTree = "<group>"; };
		1BB5F6B121F9FC680075D567 /* FilterViewController.swift */ = {isa = PBXFileReference; lastKnownFileType = sourcecode.swift; path = FilterViewController.swift; sourceTree = "<group>"; };
		1BB5F6B421FAFD020075D567 /* FilterViewModel.swift */ = {isa = PBXFileReference; lastKnownFileType = sourcecode.swift; path = FilterViewModel.swift; sourceTree = "<group>"; };
		1BB5F6B621FAFE350075D567 /* FilterSwitchTableViewCell.swift */ = {isa = PBXFileReference; lastKnownFileType = sourcecode.swift; path = FilterSwitchTableViewCell.swift; sourceTree = "<group>"; };
		1BB5F6B821FAFE4C0075D567 /* SortingOptionsTableViewCell.swift */ = {isa = PBXFileReference; lastKnownFileType = sourcecode.swift; path = SortingOptionsTableViewCell.swift; sourceTree = "<group>"; };
		1BB5F6BC21FF2C660075D567 /* UIStackViewExtension.swift */ = {isa = PBXFileReference; lastKnownFileType = sourcecode.swift; path = UIStackViewExtension.swift; sourceTree = "<group>"; };
		1BB5F6C321FF45560075D567 /* UILabelExtension.swift */ = {isa = PBXFileReference; lastKnownFileType = sourcecode.swift; path = UILabelExtension.swift; sourceTree = "<group>"; };
		62F2E44A8E3C27206F39924B /* Pods_MovieS.framework */ = {isa = PBXFileReference; explicitFileType = wrapper.framework; includeInIndex = 0; path = Pods_MovieS.framework; sourceTree = BUILT_PRODUCTS_DIR; };
		808C7D437CC951F6016AC8FC /* Pods-MovieS.debug.xcconfig */ = {isa = PBXFileReference; includeInIndex = 1; lastKnownFileType = text.xcconfig; name = "Pods-MovieS.debug.xcconfig"; path = "Pods/Target Support Files/Pods-MovieS/Pods-MovieS.debug.xcconfig"; sourceTree = "<group>"; };
		BC66C3E567406E8613B3ECFC /* Pods-MovieS.release.xcconfig */ = {isa = PBXFileReference; includeInIndex = 1; lastKnownFileType = text.xcconfig; name = "Pods-MovieS.release.xcconfig"; path = "Pods/Target Support Files/Pods-MovieS/Pods-MovieS.release.xcconfig"; sourceTree = "<group>"; };
/* End PBXFileReference section */

/* Begin PBXFrameworksBuildPhase section */
		1BA3587921EE1E57003E501B /* Frameworks */ = {
			isa = PBXFrameworksBuildPhase;
			buildActionMask = 2147483647;
			files = (
				E7326AA1A5E20025BAE94B5B /* Pods_MovieS.framework in Frameworks */,
			);
			runOnlyForDeploymentPostprocessing = 0;
		};
/* End PBXFrameworksBuildPhase section */

/* Begin PBXGroup section */
		1B62911922082E1600BEA104 /* TableView */ = {
			isa = PBXGroup;
			children = (
				1B62911A22082E7400BEA104 /* UITableView.swift */,
			);
			path = TableView;
			sourceTree = "<group>";
		};
		1BA3587321EE1E57003E501B = {
			isa = PBXGroup;
			children = (
				1BA3587E21EE1E57003E501B /* MovieS */,
				1BA3587D21EE1E57003E501B /* Products */,
				A7ABC6105912598C738A5B87 /* Pods */,
				EC4A7EDF7C8FDE8CE7C90724 /* Frameworks */,
			);
			sourceTree = "<group>";
		};
		1BA3587D21EE1E57003E501B /* Products */ = {
			isa = PBXGroup;
			children = (
				1BA3587C21EE1E57003E501B /* MovieS.app */,
			);
			name = Products;
			sourceTree = "<group>";
		};
		1BA3587E21EE1E57003E501B /* MovieS */ = {
			isa = PBXGroup;
			children = (
				1BB5F6BA21FF2C430075D567 /* Extensions */,
				1BA3589B21F1D734003E501B /* Screens */,
				1BA3589421EE2116003E501B /* Supporting Files */,
				1BA3588B21EE1E59003E501B /* Info.plist */,
			);
			path = MovieS;
			sourceTree = "<group>";
		};
		1BA3589421EE2116003E501B /* Supporting Files */ = {
			isa = PBXGroup;
			children = (
				1BA3587F21EE1E57003E501B /* AppDelegate.swift */,
				1BA3588621EE1E59003E501B /* Assets.xcassets */,
				1BA3588821EE1E59003E501B /* LaunchScreen.storyboard */,
			);
			path = "Supporting Files";
			sourceTree = "<group>";
		};
		1BA3589B21F1D734003E501B /* Screens */ = {
			isa = PBXGroup;
			children = (
				1BA358AB21F2038E003E501B /* Filter */,
				1BA3589E21F1D764003E501B /* Detail */,
				1BA3589D21F1D755003E501B /* Home */,
			);
			path = Screens;
			sourceTree = "<group>";
		};
		1BA3589D21F1D755003E501B /* Home */ = {
			isa = PBXGroup;
			children = (
				1BB5F6C822002FFA0075D567 /* Cellls */,
				1BA358A221F1D79A003E501B /* Views */,
				1BA358A121F1D793003E501B /* Models */,
				1BA358A021F1D78A003E501B /* ViewModels */,
				1BA3589F21F1D76F003E501B /* ViewControllers */,
			);
			path = Home;
			sourceTree = "<group>";
		};
		1BA3589E21F1D764003E501B /* Detail */ = {
			isa = PBXGroup;
			children = (
				1BA358AF21F2102F003E501B /* ViewModels */,
				1BA358AE21F21020003E501B /* ViewControllers */,
				1BA358AC21F21013003E501B /* Views */,
			);
			path = Detail;
			sourceTree = "<group>";
		};
		1BA3589F21F1D76F003E501B /* ViewControllers */ = {
			isa = PBXGroup;
			children = (
				1BA358A321F1D7C0003E501B /* HomeViewController.swift */,
			);
			path = ViewControllers;
			sourceTree = "<group>";
		};
		1BA358A021F1D78A003E501B /* ViewModels */ = {
			isa = PBXGroup;
			children = (
				1BA358A521F1D821003E501B /* HomeViewModel.swift */,
			);
			path = ViewModels;
			sourceTree = "<group>";
		};
		1BA358A121F1D793003E501B /* Models */ = {
			isa = PBXGroup;
			children = (
				1BA3589121EE2105003E501B /* MovieModel.swift */,
			);
			path = Models;
			sourceTree = "<group>";
		};
		1BA358A221F1D79A003E501B /* Views */ = {
			isa = PBXGroup;
			children = (
				1BA358A721F1D856003E501B /* HomeView.swift */,
			);
			path = Views;
			sourceTree = "<group>";
		};
		1BA358AB21F2038E003E501B /* Filter */ = {
			isa = PBXGroup;
			children = (
				1BB5F6C722002FED0075D567 /* Cells */,
				1BA358B921F5AE86003E501B /* Models */,
				1BA358B821F5AE7B003E501B /* ViewModels */,
				1BA358B721F5AE6C003E501B /* ViewControllers */,
				1BA358B221F248CF003E501B /* Views */,
			);
			path = Filter;
			sourceTree = "<group>";
		};
		1BA358AC21F21013003E501B /* Views */ = {
			isa = PBXGroup;
			children = (
				1BA358B021F21072003E501B /* DetailView.swift */,
			);
			path = Views;
			sourceTree = "<group>";
		};
		1BA358AE21F21020003E501B /* ViewControllers */ = {
			isa = PBXGroup;
			children = (
				1BA358B521F24924003E501B /* DetailViewController.swift */,
			);
			path = ViewControllers;
			sourceTree = "<group>";
		};
		1BA358AF21F2102F003E501B /* ViewModels */ = {
			isa = PBXGroup;
			children = (
				1BA358B321F248E6003E501B /* DetailViewModel.swift */,
			);
			path = ViewModels;
			sourceTree = "<group>";
		};
		1BA358B221F248CF003E501B /* Views */ = {
			isa = PBXGroup;
			children = (
				1BB5F6AF21F9FC3A0075D567 /* FilterView.swift */,
			);
			path = Views;
			sourceTree = "<group>";
		};
		1BA358B721F5AE6C003E501B /* ViewControllers */ = {
			isa = PBXGroup;
			children = (
				1BB5F6B121F9FC680075D567 /* FilterViewController.swift */,
			);
			path = ViewControllers;
			sourceTree = "<group>";
		};
		1BA358B821F5AE7B003E501B /* ViewModels */ = {
			isa = PBXGroup;
			children = (
				1BB5F6B421FAFD020075D567 /* FilterViewModel.swift */,
			);
			path = ViewModels;
			sourceTree = "<group>";
		};
		1BA358B921F5AE86003E501B /* Models */ = {
			isa = PBXGroup;
			children = (
				1B6291152201DAF900BEA104 /* FilterModel.swift */,
			);
			path = Models;
			sourceTree = "<group>";
		};
		1BB5F6BA21FF2C430075D567 /* Extensions */ = {
			isa = PBXGroup;
			children = (
				1B62911922082E1600BEA104 /* TableView */,
				1BB5F6C121FF45390075D567 /* Label */,
				1BB5F6BB21FF2C4F0075D567 /* StackView */,
			);
			path = Extensions;
			sourceTree = "<group>";
		};
		1BB5F6BB21FF2C4F0075D567 /* StackView */ = {
			isa = PBXGroup;
			children = (
				1BB5F6BC21FF2C660075D567 /* UIStackViewExtension.swift */,
			);
			path = StackView;
			sourceTree = "<group>";
		};
		1BB5F6C121FF45390075D567 /* Label */ = {
			isa = PBXGroup;
			children = (
				1BB5F6C321FF45560075D567 /* UILabelExtension.swift */,
			);
			path = Label;
			sourceTree = "<group>";
		};
		1BB5F6C722002FED0075D567 /* Cells */ = {
			isa = PBXGroup;
			children = (
				1BB5F6B621FAFE350075D567 /* FilterSwitchTableViewCell.swift */,
				1BB5F6B821FAFE4C0075D567 /* SortingOptionsTableViewCell.swift */,
			);
			path = Cells;
			sourceTree = "<group>";
		};
		1BB5F6C822002FFA0075D567 /* Cellls */ = {
			isa = PBXGroup;
			children = (
				1BA358A921F1F564003E501B /* MovieTableViewCell.swift */,
			);
			path = Cellls;
			sourceTree = "<group>";
		};
		A7ABC6105912598C738A5B87 /* Pods */ = {
			isa = PBXGroup;
			children = (
				808C7D437CC951F6016AC8FC /* Pods-MovieS.debug.xcconfig */,
				BC66C3E567406E8613B3ECFC /* Pods-MovieS.release.xcconfig */,
			);
			name = Pods;
			sourceTree = "<group>";
		};
		EC4A7EDF7C8FDE8CE7C90724 /* Frameworks */ = {
			isa = PBXGroup;
			children = (
				62F2E44A8E3C27206F39924B /* Pods_MovieS.framework */,
			);
			name = Frameworks;
			sourceTree = "<group>";
		};
/* End PBXGroup section */

/* Begin PBXNativeTarget section */
		1BA3587B21EE1E57003E501B /* MovieS */ = {
			isa = PBXNativeTarget;
			buildConfigurationList = 1BA3588E21EE1E59003E501B /* Build configuration list for PBXNativeTarget "MovieS" */;
			buildPhases = (
				96C3FFF1AC54FF03F21A26F7 /* [CP] Check Pods Manifest.lock */,
				1BA3587821EE1E57003E501B /* Sources */,
				1BA3587921EE1E57003E501B /* Frameworks */,
				1BA3587A21EE1E57003E501B /* Resources */,
				C9E771B7F9337FE177316CE6 /* [CP] Embed Pods Frameworks */,
			);
			buildRules = (
			);
			dependencies = (
			);
			name = MovieS;
			productName = MovieS;
			productReference = 1BA3587C21EE1E57003E501B /* MovieS.app */;
			productType = "com.apple.product-type.application";
		};
/* End PBXNativeTarget section */

/* Begin PBXProject section */
		1BA3587421EE1E57003E501B /* Project object */ = {
			isa = PBXProject;
			attributes = {
				LastSwiftUpdateCheck = 1010;
				LastUpgradeCheck = 1010;
				ORGANIZATIONNAME = "Selin Ersev";
				TargetAttributes = {
					1BA3587B21EE1E57003E501B = {
						CreatedOnToolsVersion = 10.1;
					};
				};
			};
			buildConfigurationList = 1BA3587721EE1E57003E501B /* Build configuration list for PBXProject "MovieS" */;
			compatibilityVersion = "Xcode 9.3";
			developmentRegion = en;
			hasScannedForEncodings = 0;
			knownRegions = (
				en,
				Base,
			);
			mainGroup = 1BA3587321EE1E57003E501B;
			productRefGroup = 1BA3587D21EE1E57003E501B /* Products */;
			projectDirPath = "";
			projectRoot = "";
			targets = (
				1BA3587B21EE1E57003E501B /* MovieS */,
			);
		};
/* End PBXProject section */

/* Begin PBXResourcesBuildPhase section */
		1BA3587A21EE1E57003E501B /* Resources */ = {
			isa = PBXResourcesBuildPhase;
			buildActionMask = 2147483647;
			files = (
				1BA3588A21EE1E59003E501B /* LaunchScreen.storyboard in Resources */,
				1BA3588721EE1E59003E501B /* Assets.xcassets in Resources */,
			);
			runOnlyForDeploymentPostprocessing = 0;
		};
/* End PBXResourcesBuildPhase section */

/* Begin PBXShellScriptBuildPhase section */
		96C3FFF1AC54FF03F21A26F7 /* [CP] Check Pods Manifest.lock */ = {
			isa = PBXShellScriptBuildPhase;
			buildActionMask = 2147483647;
			files = (
			);
			inputFileListPaths = (
			);
			inputPaths = (
				"${PODS_PODFILE_DIR_PATH}/Podfile.lock",
				"${PODS_ROOT}/Manifest.lock",
			);
			name = "[CP] Check Pods Manifest.lock";
			outputFileListPaths = (
			);
			outputPaths = (
				"$(DERIVED_FILE_DIR)/Pods-MovieS-checkManifestLockResult.txt",
			);
			runOnlyForDeploymentPostprocessing = 0;
			shellPath = /bin/sh;
			shellScript = "diff \"${PODS_PODFILE_DIR_PATH}/Podfile.lock\" \"${PODS_ROOT}/Manifest.lock\" > /dev/null\nif [ $? != 0 ] ; then\n    # print error to STDERR\n    echo \"error: The sandbox is not in sync with the Podfile.lock. Run 'pod install' or update your CocoaPods installation.\" >&2\n    exit 1\nfi\n# This output is used by Xcode 'outputs' to avoid re-running this script phase.\necho \"SUCCESS\" > \"${SCRIPT_OUTPUT_FILE_0}\"\n";
			showEnvVarsInLog = 0;
		};
		C9E771B7F9337FE177316CE6 /* [CP] Embed Pods Frameworks */ = {
			isa = PBXShellScriptBuildPhase;
			buildActionMask = 2147483647;
			files = (
			);
			inputFileListPaths = (
			);
			inputPaths = (
				"${SRCROOT}/Pods/Target Support Files/Pods-MovieS/Pods-MovieS-frameworks.sh",
				"${BUILT_PRODUCTS_DIR}/Alamofire/Alamofire.framework",
				"${BUILT_PRODUCTS_DIR}/Cartography/Cartography.framework",
				"${BUILT_PRODUCTS_DIR}/FaceAware/FaceAware.framework",
				"${BUILT_PRODUCTS_DIR}/Kingfisher/Kingfisher.framework",
			);
			name = "[CP] Embed Pods Frameworks";
			outputFileListPaths = (
			);
			outputPaths = (
				"${TARGET_BUILD_DIR}/${FRAMEWORKS_FOLDER_PATH}/Alamofire.framework",
				"${TARGET_BUILD_DIR}/${FRAMEWORKS_FOLDER_PATH}/Cartography.framework",
				"${TARGET_BUILD_DIR}/${FRAMEWORKS_FOLDER_PATH}/FaceAware.framework",
				"${TARGET_BUILD_DIR}/${FRAMEWORKS_FOLDER_PATH}/Kingfisher.framework",
			);
			runOnlyForDeploymentPostprocessing = 0;
			shellPath = /bin/sh;
			shellScript = "\"${SRCROOT}/Pods/Target Support Files/Pods-MovieS/Pods-MovieS-frameworks.sh\"\n";
			showEnvVarsInLog = 0;
		};
/* End PBXShellScriptBuildPhase section */

/* Begin PBXSourcesBuildPhase section */
		1BA3587821EE1E57003E501B /* Sources */ = {
			isa = PBXSourcesBuildPhase;
			buildActionMask = 2147483647;
			files = (
				1BA358A421F1D7C0003E501B /* HomeViewController.swift in Sources */,
				1BB5F6BD21FF2C660075D567 /* UIStackViewExtension.swift in Sources */,
				1BA358B121F21072003E501B /* DetailView.swift in Sources */,
				1B6291162201DAF900BEA104 /* FilterModel.swift in Sources */,
				1BA358A821F1D856003E501B /* HomeView.swift in Sources */,
				1B62911B22082E7400BEA104 /* UITableView.swift in Sources */,
				1BB5F6B721FAFE350075D567 /* FilterSwitchTableViewCell.swift in Sources */,
				1BA358AA21F1F564003E501B /* MovieTableViewCell.swift in Sources */,
				1BB5F6C421FF45560075D567 /* UILabelExtension.swift in Sources */,
				1BA358B421F248E6003E501B /* DetailViewModel.swift in Sources */,
				1BB5F6B221F9FC680075D567 /* FilterViewController.swift in Sources */,
				1BB5F6B921FAFE4C0075D567 /* SortingOptionsTableViewCell.swift in Sources */,
				1BA358A621F1D821003E501B /* HomeViewModel.swift in Sources */,
				1BA358B621F24924003E501B /* DetailViewController.swift in Sources */,
				1BA3588021EE1E57003E501B /* AppDelegate.swift in Sources */,
				1BB5F6B021F9FC3A0075D567 /* FilterView.swift in Sources */,
				1BB5F6B521FAFD020075D567 /* FilterViewModel.swift in Sources */,
				1BA3589221EE2105003E501B /* MovieModel.swift in Sources */,
			);
			runOnlyForDeploymentPostprocessing = 0;
		};
/* End PBXSourcesBuildPhase section */

/* Begin PBXVariantGroup section */
		1BA3588821EE1E59003E501B /* LaunchScreen.storyboard */ = {
			isa = PBXVariantGroup;
			children = (
				1BA3588921EE1E59003E501B /* Base */,
			);
			name = LaunchScreen.storyboard;
			sourceTree = "<group>";
		};
/* End PBXVariantGroup section */

/* Begin XCBuildConfiguration section */
		1BA3588C21EE1E59003E501B /* Debug */ = {
			isa = XCBuildConfiguration;
			buildSettings = {
				ALWAYS_SEARCH_USER_PATHS = NO;
				CLANG_ANALYZER_NONNULL = YES;
				CLANG_ANALYZER_NUMBER_OBJECT_CONVERSION = YES_AGGRESSIVE;
				CLANG_CXX_LANGUAGE_STANDARD = "gnu++14";
				CLANG_CXX_LIBRARY = "libc++";
				CLANG_ENABLE_MODULES = YES;
				CLANG_ENABLE_OBJC_ARC = YES;
				CLANG_ENABLE_OBJC_WEAK = YES;
				CLANG_WARN_BLOCK_CAPTURE_AUTORELEASING = YES;
				CLANG_WARN_BOOL_CONVERSION = YES;
				CLANG_WARN_COMMA = YES;
				CLANG_WARN_CONSTANT_CONVERSION = YES;
				CLANG_WARN_DEPRECATED_OBJC_IMPLEMENTATIONS = YES;
				CLANG_WARN_DIRECT_OBJC_ISA_USAGE = YES_ERROR;
				CLANG_WARN_DOCUMENTATION_COMMENTS = YES;
				CLANG_WARN_EMPTY_BODY = YES;
				CLANG_WARN_ENUM_CONVERSION = YES;
				CLANG_WARN_INFINITE_RECURSION = YES;
				CLANG_WARN_INT_CONVERSION = YES;
				CLANG_WARN_NON_LITERAL_NULL_CONVERSION = YES;
				CLANG_WARN_OBJC_IMPLICIT_RETAIN_SELF = YES;
				CLANG_WARN_OBJC_LITERAL_CONVERSION = YES;
				CLANG_WARN_OBJC_ROOT_CLASS = YES_ERROR;
				CLANG_WARN_RANGE_LOOP_ANALYSIS = YES;
				CLANG_WARN_STRICT_PROTOTYPES = YES;
				CLANG_WARN_SUSPICIOUS_MOVE = YES;
				CLANG_WARN_UNGUARDED_AVAILABILITY = YES_AGGRESSIVE;
				CLANG_WARN_UNREACHABLE_CODE = YES;
				CLANG_WARN__DUPLICATE_METHOD_MATCH = YES;
				CODE_SIGN_IDENTITY = "iPhone Developer";
				COPY_PHASE_STRIP = NO;
				DEBUG_INFORMATION_FORMAT = dwarf;
				ENABLE_STRICT_OBJC_MSGSEND = YES;
				ENABLE_TESTABILITY = YES;
				GCC_C_LANGUAGE_STANDARD = gnu11;
				GCC_DYNAMIC_NO_PIC = NO;
				GCC_NO_COMMON_BLOCKS = YES;
				GCC_OPTIMIZATION_LEVEL = 0;
				GCC_PREPROCESSOR_DEFINITIONS = (
					"DEBUG=1",
					"$(inherited)",
				);
				GCC_WARN_64_TO_32_BIT_CONVERSION = YES;
				GCC_WARN_ABOUT_RETURN_TYPE = YES_ERROR;
				GCC_WARN_UNDECLARED_SELECTOR = YES;
				GCC_WARN_UNINITIALIZED_AUTOS = YES_AGGRESSIVE;
				GCC_WARN_UNUSED_FUNCTION = YES;
				GCC_WARN_UNUSED_VARIABLE = YES;
				IPHONEOS_DEPLOYMENT_TARGET = 12.1;
				MTL_ENABLE_DEBUG_INFO = INCLUDE_SOURCE;
				MTL_FAST_MATH = YES;
				ONLY_ACTIVE_ARCH = YES;
				SDKROOT = iphoneos;
				SWIFT_ACTIVE_COMPILATION_CONDITIONS = DEBUG;
				SWIFT_OPTIMIZATION_LEVEL = "-Onone";
			};
			name = Debug;
		};
		1BA3588D21EE1E59003E501B /* Release */ = {
			isa = XCBuildConfiguration;
			buildSettings = {
				ALWAYS_SEARCH_USER_PATHS = NO;
				CLANG_ANALYZER_NONNULL = YES;
				CLANG_ANALYZER_NUMBER_OBJECT_CONVERSION = YES_AGGRESSIVE;
				CLANG_CXX_LANGUAGE_STANDARD = "gnu++14";
				CLANG_CXX_LIBRARY = "libc++";
				CLANG_ENABLE_MODULES = YES;
				CLANG_ENABLE_OBJC_ARC = YES;
				CLANG_ENABLE_OBJC_WEAK = YES;
				CLANG_WARN_BLOCK_CAPTURE_AUTORELEASING = YES;
				CLANG_WARN_BOOL_CONVERSION = YES;
				CLANG_WARN_COMMA = YES;
				CLANG_WARN_CONSTANT_CONVERSION = YES;
				CLANG_WARN_DEPRECATED_OBJC_IMPLEMENTATIONS = YES;
				CLANG_WARN_DIRECT_OBJC_ISA_USAGE = YES_ERROR;
				CLANG_WARN_DOCUMENTATION_COMMENTS = YES;
				CLANG_WARN_EMPTY_BODY = YES;
				CLANG_WARN_ENUM_CONVERSION = YES;
				CLANG_WARN_INFINITE_RECURSION = YES;
				CLANG_WARN_INT_CONVERSION = YES;
				CLANG_WARN_NON_LITERAL_NULL_CONVERSION = YES;
				CLANG_WARN_OBJC_IMPLICIT_RETAIN_SELF = YES;
				CLANG_WARN_OBJC_LITERAL_CONVERSION = YES;
				CLANG_WARN_OBJC_ROOT_CLASS = YES_ERROR;
				CLANG_WARN_RANGE_LOOP_ANALYSIS = YES;
				CLANG_WARN_STRICT_PROTOTYPES = YES;
				CLANG_WARN_SUSPICIOUS_MOVE = YES;
				CLANG_WARN_UNGUARDED_AVAILABILITY = YES_AGGRESSIVE;
				CLANG_WARN_UNREACHABLE_CODE = YES;
				CLANG_WARN__DUPLICATE_METHOD_MATCH = YES;
				CODE_SIGN_IDENTITY = "iPhone Developer";
				COPY_PHASE_STRIP = NO;
				DEBUG_INFORMATION_FORMAT = "dwarf-with-dsym";
				ENABLE_NS_ASSERTIONS = NO;
				ENABLE_STRICT_OBJC_MSGSEND = YES;
				GCC_C_LANGUAGE_STANDARD = gnu11;
				GCC_NO_COMMON_BLOCKS = YES;
				GCC_WARN_64_TO_32_BIT_CONVERSION = YES;
				GCC_WARN_ABOUT_RETURN_TYPE = YES_ERROR;
				GCC_WARN_UNDECLARED_SELECTOR = YES;
				GCC_WARN_UNINITIALIZED_AUTOS = YES_AGGRESSIVE;
				GCC_WARN_UNUSED_FUNCTION = YES;
				GCC_WARN_UNUSED_VARIABLE = YES;
				IPHONEOS_DEPLOYMENT_TARGET = 12.1;
				MTL_ENABLE_DEBUG_INFO = NO;
				MTL_FAST_MATH = YES;
				SDKROOT = iphoneos;
				SWIFT_COMPILATION_MODE = wholemodule;
				SWIFT_OPTIMIZATION_LEVEL = "-O";
				VALIDATE_PRODUCT = YES;
			};
			name = Release;
		};
		1BA3588F21EE1E59003E501B /* Debug */ = {
			isa = XCBuildConfiguration;
			baseConfigurationReference = 808C7D437CC951F6016AC8FC /* Pods-MovieS.debug.xcconfig */;
			buildSettings = {
				ASSETCATALOG_COMPILER_APPICON_NAME = AppIcon;
				CODE_SIGN_STYLE = Automatic;
				DEVELOPMENT_TEAM = ZSATZE2MZ7;
				INFOPLIST_FILE = MovieS/Info.plist;
				LD_RUNPATH_SEARCH_PATHS = (
					"$(inherited)",
					"@executable_path/Frameworks",
				);
				PRODUCT_BUNDLE_IDENTIFIER = selinersev.MovieS;
				PRODUCT_NAME = "$(TARGET_NAME)";
				SWIFT_VERSION = 4.2;
				TARGETED_DEVICE_FAMILY = "1,2";
			};
			name = Debug;
		};
		1BA3589021EE1E59003E501B /* Release */ = {
			isa = XCBuildConfiguration;
			baseConfigurationReference = BC66C3E567406E8613B3ECFC /* Pods-MovieS.release.xcconfig */;
			buildSettings = {
				ASSETCATALOG_COMPILER_APPICON_NAME = AppIcon;
				CODE_SIGN_STYLE = Automatic;
				DEVELOPMENT_TEAM = ZSATZE2MZ7;
				INFOPLIST_FILE = MovieS/Info.plist;
				LD_RUNPATH_SEARCH_PATHS = (
					"$(inherited)",
					"@executable_path/Frameworks",
				);
				PRODUCT_BUNDLE_IDENTIFIER = selinersev.MovieS;
				PRODUCT_NAME = "$(TARGET_NAME)";
				SWIFT_VERSION = 4.2;
				TARGETED_DEVICE_FAMILY = "1,2";
			};
			name = Release;
		};
/* End XCBuildConfiguration section */

/* Begin XCConfigurationList section */
		1BA3587721EE1E57003E501B /* Build configuration list for PBXProject "MovieS" */ = {
			isa = XCConfigurationList;
			buildConfigurations = (
				1BA3588C21EE1E59003E501B /* Debug */,
				1BA3588D21EE1E59003E501B /* Release */,
			);
			defaultConfigurationIsVisible = 0;
			defaultConfigurationName = Release;
		};
		1BA3588E21EE1E59003E501B /* Build configuration list for PBXNativeTarget "MovieS" */ = {
			isa = XCConfigurationList;
			buildConfigurations = (
				1BA3588F21EE1E59003E501B /* Debug */,
				1BA3589021EE1E59003E501B /* Release */,
			);
			defaultConfigurationIsVisible = 0;
			defaultConfigurationName = Release;
		};
/* End XCConfigurationList section */
	};
	rootObject = 1BA3587421EE1E57003E501B /* Project object */;
}
